// !$*UTF8*$!
{
	archiveVersion = 1;
	classes = {
	};
	objectVersion = 55;
	objects = {

/* Begin PBXBuildFile section */
		86102D912794248000928FAA /* MoonshotApp.swift in Sources */ = {isa = PBXBuildFile; fileRef = 86102D902794248000928FAA /* MoonshotApp.swift */; };
		86102D932794248000928FAA /* ContentView.swift in Sources */ = {isa = PBXBuildFile; fileRef = 86102D922794248000928FAA /* ContentView.swift */; };
		86102D952794248200928FAA /* Assets.xcassets in Resources */ = {isa = PBXBuildFile; fileRef = 86102D942794248200928FAA /* Assets.xcassets */; };
		86102D982794248200928FAA /* Preview Assets.xcassets in Resources */ = {isa = PBXBuildFile; fileRef = 86102D972794248200928FAA /* Preview Assets.xcassets */; };
		86102D9A2794248200928FAA /* Persistence.swift in Sources */ = {isa = PBXBuildFile; fileRef = 86102D992794248200928FAA /* Persistence.swift */; };
		86102D9D2794248200928FAA /* Moonshot.xcdatamodeld in Sources */ = {isa = PBXBuildFile; fileRef = 86102D9B2794248200928FAA /* Moonshot.xcdatamodeld */; };
		86102DA42794251200928FAA /* GeometryReaderTest.swift in Sources */ = {isa = PBXBuildFile; fileRef = 86102DA32794251200928FAA /* GeometryReaderTest.swift */; };
		8647D8BD279428E000123B7F /* ScrollViewTest.swift in Sources */ = {isa = PBXBuildFile; fileRef = 8647D8BC279428E000123B7F /* ScrollViewTest.swift */; };
		8647D8BF27942B9800123B7F /* NavigationLinkTest.swift in Sources */ = {isa = PBXBuildFile; fileRef = 8647D8BE27942B9800123B7F /* NavigationLinkTest.swift */; };
		8647D8C127942F6100123B7F /* ScrollingGridTest.swift in Sources */ = {isa = PBXBuildFile; fileRef = 8647D8C027942F6100123B7F /* ScrollingGridTest.swift */; };
		86827FC2279575000077FD70 /* astronauts.json in Resources */ = {isa = PBXBuildFile; fileRef = 86827FC0279574FF0077FD70 /* astronauts.json */; };
		86827FC3279575000077FD70 /* missions.json in Resources */ = {isa = PBXBuildFile; fileRef = 86827FC1279575000077FD70 /* missions.json */; };
		86827FC5279575780077FD70 /* astronaut.swift in Sources */ = {isa = PBXBuildFile; fileRef = 86827FC4279575780077FD70 /* astronaut.swift */; };
		86827FC7279575D10077FD70 /* Bundle-Decodable.swift in Sources */ = {isa = PBXBuildFile; fileRef = 86827FC6279575D10077FD70 /* Bundle-Decodable.swift */; };
		86827FCB27957B000077FD70 /* Mission.swift in Sources */ = {isa = PBXBuildFile; fileRef = 86827FCA27957B000077FD70 /* Mission.swift */; };
		86827FCD27958A500077FD70 /* Color-Theme.swift in Sources */ = {isa = PBXBuildFile; fileRef = 86827FCC27958A500077FD70 /* Color-Theme.swift */; };
		8682B36D2796C9DF005D9E5A /* AstronautView.swift in Sources */ = {isa = PBXBuildFile; fileRef = 8682B36C2796C9DF005D9E5A /* AstronautView.swift */; };
		86E587C32796B40600921330 /* MissonView.swift in Sources */ = {isa = PBXBuildFile; fileRef = 86E587C22796B40600921330 /* MissonView.swift */; };
/* End PBXBuildFile section */

/* Begin PBXFileReference section */
		86102D8D2794248000928FAA /* Moonshot.app */ = {isa = PBXFileReference; explicitFileType = wrapper.application; includeInIndex = 0; path = Moonshot.app; sourceTree = BUILT_PRODUCTS_DIR; };
		86102D902794248000928FAA /* MoonshotApp.swift */ = {isa = PBXFileReference; lastKnownFileType = sourcecode.swift; path = MoonshotApp.swift; sourceTree = "<group>"; };
		86102D922794248000928FAA /* ContentView.swift */ = {isa = PBXFileReference; lastKnownFileType = sourcecode.swift; path = ContentView.swift; sourceTree = "<group>"; };
		86102D942794248200928FAA /* Assets.xcassets */ = {isa = PBXFileReference; lastKnownFileType = folder.assetcatalog; path = Assets.xcassets; sourceTree = "<group>"; };
		86102D972794248200928FAA /* Preview Assets.xcassets */ = {isa = PBXFileReference; lastKnownFileType = folder.assetcatalog; path = "Preview Assets.xcassets"; sourceTree = "<group>"; };
		86102D992794248200928FAA /* Persistence.swift */ = {isa = PBXFileReference; lastKnownFileType = sourcecode.swift; path = Persistence.swift; sourceTree = "<group>"; };
		86102D9C2794248200928FAA /* Moonshot.xcdatamodel */ = {isa = PBXFileReference; lastKnownFileType = wrapper.xcdatamodel; path = Moonshot.xcdatamodel; sourceTree = "<group>"; };
		86102DA32794251200928FAA /* GeometryReaderTest.swift */ = {isa = PBXFileReference; lastKnownFileType = sourcecode.swift; path = GeometryReaderTest.swift; sourceTree = "<group>"; };
		8647D8BC279428E000123B7F /* ScrollViewTest.swift */ = {isa = PBXFileReference; lastKnownFileType = sourcecode.swift; path = ScrollViewTest.swift; sourceTree = "<group>"; };
		8647D8BE27942B9800123B7F /* NavigationLinkTest.swift */ = {isa = PBXFileReference; lastKnownFileType = sourcecode.swift; path = NavigationLinkTest.swift; sourceTree = "<group>"; };
		8647D8C027942F6100123B7F /* ScrollingGridTest.swift */ = {isa = PBXFileReference; lastKnownFileType = sourcecode.swift; path = ScrollingGridTest.swift; sourceTree = "<group>"; };
		86827FC0279574FF0077FD70 /* astronauts.json */ = {isa = PBXFileReference; fileEncoding = 4; lastKnownFileType = text.json; path = astronauts.json; sourceTree = "<group>"; };
		86827FC1279575000077FD70 /* missions.json */ = {isa = PBXFileReference; fileEncoding = 4; lastKnownFileType = text.json; path = missions.json; sourceTree = "<group>"; };
		86827FC4279575780077FD70 /* astronaut.swift */ = {isa = PBXFileReference; lastKnownFileType = sourcecode.swift; path = astronaut.swift; sourceTree = "<group>"; };
		86827FC6279575D10077FD70 /* Bundle-Decodable.swift */ = {isa = PBXFileReference; lastKnownFileType = sourcecode.swift; path = "Bundle-Decodable.swift"; sourceTree = "<group>"; };
		86827FCA27957B000077FD70 /* Mission.swift */ = {isa = PBXFileReference; lastKnownFileType = sourcecode.swift; path = Mission.swift; sourceTree = "<group>"; };
		86827FCC27958A500077FD70 /* Color-Theme.swift */ = {isa = PBXFileReference; lastKnownFileType = sourcecode.swift; path = "Color-Theme.swift"; sourceTree = "<group>"; };
		8682B36C2796C9DF005D9E5A /* AstronautView.swift */ = {isa = PBXFileReference; lastKnownFileType = sourcecode.swift; path = AstronautView.swift; sourceTree = "<group>"; };
		86E587C22796B40600921330 /* MissonView.swift */ = {isa = PBXFileReference; lastKnownFileType = sourcecode.swift; path = MissonView.swift; sourceTree = "<group>"; };
/* End PBXFileReference section */

/* Begin PBXFrameworksBuildPhase section */
		86102D8A2794248000928FAA /* Frameworks */ = {
			isa = PBXFrameworksBuildPhase;
			buildActionMask = 2147483647;
			files = (
			);
			runOnlyForDeploymentPostprocessing = 0;
		};
/* End PBXFrameworksBuildPhase section */

/* Begin PBXGroup section */
		86102D842794248000928FAA = {
			isa = PBXGroup;
			children = (
				86102D8F2794248000928FAA /* Moonshot */,
				86102D8E2794248000928FAA /* Products */,
			);
			sourceTree = "<group>";
		};
		86102D8E2794248000928FAA /* Products */ = {
			isa = PBXGroup;
			children = (
				86102D8D2794248000928FAA /* Moonshot.app */,
			);
			name = Products;
			sourceTree = "<group>";
		};
		86102D8F2794248000928FAA /* Moonshot */ = {
			isa = PBXGroup;
			children = (
				8682B36B2796C9BF005D9E5A /* Extension */,
				8682B36A2796C9AB005D9E5A /* Model */,
				8682B3692796C994005D9E5A /* View */,
				8682B3682796C983005D9E5A /* Tests */,
				86102D902794248000928FAA /* MoonshotApp.swift */,
				86102D942794248200928FAA /* Assets.xcassets */,
				86102D992794248200928FAA /* Persistence.swift */,
				86102D9B2794248200928FAA /* Moonshot.xcdatamodeld */,
				86827FC0279574FF0077FD70 /* astronauts.json */,
				86827FC1279575000077FD70 /* missions.json */,
				86102D962794248200928FAA /* Preview Content */,
			);
			path = Moonshot;
			sourceTree = "<group>";
		};
		86102D962794248200928FAA /* Preview Content */ = {
			isa = PBXGroup;
			children = (
				86102D972794248200928FAA /* Preview Assets.xcassets */,
			);
			path = "Preview Content";
			sourceTree = "<group>";
		};
		8682B3682796C983005D9E5A /* Tests */ = {
			isa = PBXGroup;
			children = (
				86102DA32794251200928FAA /* GeometryReaderTest.swift */,
				8647D8BE27942B9800123B7F /* NavigationLinkTest.swift */,
				8647D8C027942F6100123B7F /* ScrollingGridTest.swift */,
				8647D8BC279428E000123B7F /* ScrollViewTest.swift */,
			);
			path = Tests;
			sourceTree = "<group>";
		};
		8682B3692796C994005D9E5A /* View */ = {
			isa = PBXGroup;
			children = (
				8682B36C2796C9DF005D9E5A /* AstronautView.swift */,
				86E587C22796B40600921330 /* MissonView.swift */,
				86102D922794248000928FAA /* ContentView.swift */,
			);
			path = View;
			sourceTree = "<group>";
		};
		8682B36A2796C9AB005D9E5A /* Model */ = {
			isa = PBXGroup;
			children = (
				86827FC4279575780077FD70 /* astronaut.swift */,
				86827FCA27957B000077FD70 /* Mission.swift */,
			);
			path = Model;
			sourceTree = "<group>";
		};
		8682B36B2796C9BF005D9E5A /* Extension */ = {
			isa = PBXGroup;
			children = (
				86827FC6279575D10077FD70 /* Bundle-Decodable.swift */,
				86827FCC27958A500077FD70 /* Color-Theme.swift */,
			);
			path = Extension;
			sourceTree = "<group>";
		};
/* End PBXGroup section */

/* Begin PBXNativeTarget section */
		86102D8C2794248000928FAA /* Moonshot */ = {
			isa = PBXNativeTarget;
			buildConfigurationList = 86102DA02794248200928FAA /* Build configuration list for PBXNativeTarget "Moonshot" */;
			buildPhases = (
				86102D892794248000928FAA /* Sources */,
				86102D8A2794248000928FAA /* Frameworks */,
				86102D8B2794248000928FAA /* Resources */,
			);
			buildRules = (
			);
			dependencies = (
			);
			name = Moonshot;
			productName = Moonshot;
			productReference = 86102D8D2794248000928FAA /* Moonshot.app */;
			productType = "com.apple.product-type.application";
		};
/* End PBXNativeTarget section */

/* Begin PBXProject section */
		86102D852794248000928FAA /* Project object */ = {
			isa = PBXProject;
			attributes = {
				BuildIndependentTargetsInParallel = 1;
				LastSwiftUpdateCheck = 1300;
				LastUpgradeCheck = 1300;
				TargetAttributes = {
					86102D8C2794248000928FAA = {
						CreatedOnToolsVersion = 13.0;
					};
				};
			};
			buildConfigurationList = 86102D882794248000928FAA /* Build configuration list for PBXProject "Moonshot" */;
			compatibilityVersion = "Xcode 13.0";
			developmentRegion = en;
			hasScannedForEncodings = 0;
			knownRegions = (
				en,
				Base,
			);
			mainGroup = 86102D842794248000928FAA;
			productRefGroup = 86102D8E2794248000928FAA /* Products */;
			projectDirPath = "";
			projectRoot = "";
			targets = (
				86102D8C2794248000928FAA /* Moonshot */,
			);
		};
/* End PBXProject section */

/* Begin PBXResourcesBuildPhase section */
		86102D8B2794248000928FAA /* Resources */ = {
			isa = PBXResourcesBuildPhase;
			buildActionMask = 2147483647;
			files = (
				86827FC2279575000077FD70 /* astronauts.json in Resources */,
				86102D982794248200928FAA /* Preview Assets.xcassets in Resources */,
				86827FC3279575000077FD70 /* missions.json in Resources */,
				86102D952794248200928FAA /* Assets.xcassets in Resources */,
			);
			runOnlyForDeploymentPostprocessing = 0;
		};
/* End PBXResourcesBuildPhase section */

/* Begin PBXSourcesBuildPhase section */
		86102D892794248000928FAA /* Sources */ = {
			isa = PBXSourcesBuildPhase;
			buildActionMask = 2147483647;
			files = (
				8682B36D2796C9DF005D9E5A /* AstronautView.swift in Sources */,
				86827FCB27957B000077FD70 /* Mission.swift in Sources */,
				86102D9D2794248200928FAA /* Moonshot.xcdatamodeld in Sources */,
				86102D9A2794248200928FAA /* Persistence.swift in Sources */,
				86102D932794248000928FAA /* ContentView.swift in Sources */,
				86827FC5279575780077FD70 /* astronaut.swift in Sources */,
				86102DA42794251200928FAA /* GeometryReaderTest.swift in Sources */,
				86E587C32796B40600921330 /* MissonView.swift in Sources */,
				86102D912794248000928FAA /* MoonshotApp.swift in Sources */,
				86827FCD27958A500077FD70 /* Color-Theme.swift in Sources */,
				8647D8C127942F6100123B7F /* ScrollingGridTest.swift in Sources */,
				86827FC7279575D10077FD70 /* Bundle-Decodable.swift in Sources */,
				8647D8BF27942B9800123B7F /* NavigationLinkTest.swift in Sources */,
				8647D8BD279428E000123B7F /* ScrollViewTest.swift in Sources */,
			);
			runOnlyForDeploymentPostprocessing = 0;
		};
/* End PBXSourcesBuildPhase section */

/* Begin XCBuildConfiguration section */
		86102D9E2794248200928FAA /* Debug */ = {
			isa = XCBuildConfiguration;
			buildSettings = {
				ALWAYS_SEARCH_USER_PATHS = NO;
				CLANG_ANALYZER_NONNULL = YES;
				CLANG_ANALYZER_NUMBER_OBJECT_CONVERSION = YES_AGGRESSIVE;
				CLANG_CXX_LANGUAGE_STANDARD = "gnu++14";
				CLANG_CXX_LIBRARY = "libc++";
				CLANG_ENABLE_MODULES = YES;
				CLANG_ENABLE_OBJC_ARC = YES;
				CLANG_ENABLE_OBJC_WEAK = YES;
				CLANG_WARN_BLOCK_CAPTURE_AUTORELEASING = YES;
				CLANG_WARN_BOOL_CONVERSION = YES;
				CLANG_WARN_COMMA = YES;
				CLANG_WARN_CONSTANT_CONVERSION = YES;
				CLANG_WARN_DEPRECATED_OBJC_IMPLEMENTATIONS = YES;
				CLANG_WARN_DIRECT_OBJC_ISA_USAGE = YES_ERROR;
				CLANG_WARN_DOCUMENTATION_COMMENTS = YES;
				CLANG_WARN_EMPTY_BODY = YES;
				CLANG_WARN_ENUM_CONVERSION = YES;
				CLANG_WARN_INFINITE_RECURSION = YES;
				CLANG_WARN_INT_CONVERSION = YES;
				CLANG_WARN_NON_LITERAL_NULL_CONVERSION = YES;
				CLANG_WARN_OBJC_IMPLICIT_RETAIN_SELF = YES;
				CLANG_WARN_OBJC_LITERAL_CONVERSION = YES;
				CLANG_WARN_OBJC_ROOT_CLASS = YES_ERROR;
				CLANG_WARN_QUOTED_INCLUDE_IN_FRAMEWORK_HEADER = YES;
				CLANG_WARN_RANGE_LOOP_ANALYSIS = YES;
				CLANG_WARN_STRICT_PROTOTYPES = YES;
				CLANG_WARN_SUSPICIOUS_MOVE = YES;
				CLANG_WARN_UNGUARDED_AVAILABILITY = YES_AGGRESSIVE;
				CLANG_WARN_UNREACHABLE_CODE = YES;
				CLANG_WARN__DUPLICATE_METHOD_MATCH = YES;
				COPY_PHASE_STRIP = NO;
				DEBUG_INFORMATION_FORMAT = dwarf;
				ENABLE_STRICT_OBJC_MSGSEND = YES;
				ENABLE_TESTABILITY = YES;
				GCC_C_LANGUAGE_STANDARD = gnu11;
				GCC_DYNAMIC_NO_PIC = NO;
				GCC_NO_COMMON_BLOCKS = YES;
				GCC_OPTIMIZATION_LEVEL = 0;
				GCC_PREPROCESSOR_DEFINITIONS = (
					"DEBUG=1",
					"$(inherited)",
				);
				GCC_WARN_64_TO_32_BIT_CONVERSION = YES;
				GCC_WARN_ABOUT_RETURN_TYPE = YES_ERROR;
				GCC_WARN_UNDECLARED_SELECTOR = YES;
				GCC_WARN_UNINITIALIZED_AUTOS = YES_AGGRESSIVE;
				GCC_WARN_UNUSED_FUNCTION = YES;
				GCC_WARN_UNUSED_VARIABLE = YES;
				IPHONEOS_DEPLOYMENT_TARGET = 15.0;
				MTL_ENABLE_DEBUG_INFO = INCLUDE_SOURCE;
				MTL_FAST_MATH = YES;
				ONLY_ACTIVE_ARCH = YES;
				SDKROOT = iphoneos;
				SWIFT_ACTIVE_COMPILATION_CONDITIONS = DEBUG;
				SWIFT_OPTIMIZATION_LEVEL = "-Onone";
			};
			name = Debug;
		};
		86102D9F2794248200928FAA /* Release */ = {
			isa = XCBuildConfiguration;
			buildSettings = {
				ALWAYS_SEARCH_USER_PATHS = NO;
				CLANG_ANALYZER_NONNULL = YES;
				CLANG_ANALYZER_NUMBER_OBJECT_CONVERSION = YES_AGGRESSIVE;
				CLANG_CXX_LANGUAGE_STANDARD = "gnu++14";
				CLANG_CXX_LIBRARY = "libc++";
				CLANG_ENABLE_MODULES = YES;
				CLANG_ENABLE_OBJC_ARC = YES;
				CLANG_ENABLE_OBJC_WEAK = YES;
				CLANG_WARN_BLOCK_CAPTURE_AUTORELEASING = YES;
				CLANG_WARN_BOOL_CONVERSION = YES;
				CLANG_WARN_COMMA = YES;
				CLANG_WARN_CONSTANT_CONVERSION = YES;
				CLANG_WARN_DEPRECATED_OBJC_IMPLEMENTATIONS = YES;
				CLANG_WARN_DIRECT_OBJC_ISA_USAGE = YES_ERROR;
				CLANG_WARN_DOCUMENTATION_COMMENTS = YES;
				CLANG_WARN_EMPTY_BODY = YES;
				CLANG_WARN_ENUM_CONVERSION = YES;
				CLANG_WARN_INFINITE_RECURSION = YES;
				CLANG_WARN_INT_CONVERSION = YES;
				CLANG_WARN_NON_LITERAL_NULL_CONVERSION = YES;
				CLANG_WARN_OBJC_IMPLICIT_RETAIN_SELF = YES;
				CLANG_WARN_OBJC_LITERAL_CONVERSION = YES;
				CLANG_WARN_OBJC_ROOT_CLASS = YES_ERROR;
				CLANG_WARN_QUOTED_INCLUDE_IN_FRAMEWORK_HEADER = YES;
				CLANG_WARN_RANGE_LOOP_ANALYSIS = YES;
				CLANG_WARN_STRICT_PROTOTYPES = YES;
				CLANG_WARN_SUSPICIOUS_MOVE = YES;
				CLANG_WARN_UNGUARDED_AVAILABILITY = YES_AGGRESSIVE;
				CLANG_WARN_UNREACHABLE_CODE = YES;
				CLANG_WARN__DUPLICATE_METHOD_MATCH = YES;
				COPY_PHASE_STRIP = NO;
				DEBUG_INFORMATION_FORMAT = "dwarf-with-dsym";
				ENABLE_NS_ASSERTIONS = NO;
				ENABLE_STRICT_OBJC_MSGSEND = YES;
				GCC_C_LANGUAGE_STANDARD = gnu11;
				GCC_NO_COMMON_BLOCKS = YES;
				GCC_WARN_64_TO_32_BIT_CONVERSION = YES;
				GCC_WARN_ABOUT_RETURN_TYPE = YES_ERROR;
				GCC_WARN_UNDECLARED_SELECTOR = YES;
				GCC_WARN_UNINITIALIZED_AUTOS = YES_AGGRESSIVE;
				GCC_WARN_UNUSED_FUNCTION = YES;
				GCC_WARN_UNUSED_VARIABLE = YES;
				IPHONEOS_DEPLOYMENT_TARGET = 15.0;
				MTL_ENABLE_DEBUG_INFO = NO;
				MTL_FAST_MATH = YES;
				SDKROOT = iphoneos;
				SWIFT_COMPILATION_MODE = wholemodule;
				SWIFT_OPTIMIZATION_LEVEL = "-O";
				VALIDATE_PRODUCT = YES;
			};
			name = Release;
		};
		86102DA12794248200928FAA /* Debug */ = {
			isa = XCBuildConfiguration;
			buildSettings = {
				ASSETCATALOG_COMPILER_APPICON_NAME = AppIcon;
				ASSETCATALOG_COMPILER_GLOBAL_ACCENT_COLOR_NAME = AccentColor;
				CODE_SIGN_STYLE = Automatic;
				CURRENT_PROJECT_VERSION = 1;
				DEVELOPMENT_ASSET_PATHS = "\"Moonshot/Preview Content\"";
				DEVELOPMENT_TEAM = 2NKXPH4W4Y;
				ENABLE_PREVIEWS = YES;
				GENERATE_INFOPLIST_FILE = YES;
				INFOPLIST_KEY_UIApplicationSceneManifest_Generation = YES;
				INFOPLIST_KEY_UIApplicationSupportsIndirectInputEvents = YES;
				INFOPLIST_KEY_UILaunchScreen_Generation = YES;
				INFOPLIST_KEY_UISupportedInterfaceOrientations_iPad = "UIInterfaceOrientationPortrait UIInterfaceOrientationPortraitUpsideDown UIInterfaceOrientationLandscapeLeft UIInterfaceOrientationLandscapeRight";
				INFOPLIST_KEY_UISupportedInterfaceOrientations_iPhone = "UIInterfaceOrientationPortrait UIInterfaceOrientationLandscapeLeft UIInterfaceOrientationLandscapeRight";
				IPHONEOS_DEPLOYMENT_TARGET = 14.0;
				LD_RUNPATH_SEARCH_PATHS = (
					"$(inherited)",
					"@executable_path/Frameworks",
				);
				MARKETING_VERSION = 1.0;
				PRODUCT_BUNDLE_IDENTIFIER = com.deneme.Moonshot;
				PRODUCT_NAME = "$(TARGET_NAME)";
				SWIFT_EMIT_LOC_STRINGS = YES;
				SWIFT_VERSION = 5.0;
				TARGETED_DEVICE_FAMILY = "1,2";
			};
			name = Debug;
		};
		86102DA22794248200928FAA /* Release */ = {
			isa = XCBuildConfiguration;
			buildSettings = {
				ASSETCATALOG_COMPILER_APPICON_NAME = AppIcon;
				ASSETCATALOG_COMPILER_GLOBAL_ACCENT_COLOR_NAME = AccentColor;
				CODE_SIGN_STYLE = Automatic;
				CURRENT_PROJECT_VERSION = 1;
				DEVELOPMENT_ASSET_PATHS = "\"Moonshot/Preview Content\"";
				DEVELOPMENT_TEAM = 2NKXPH4W4Y;
				ENABLE_PREVIEWS = YES;
				GENERATE_INFOPLIST_FILE = YES;
				INFOPLIST_KEY_UIApplicationSceneManifest_Generation = YES;
				INFOPLIST_KEY_UIApplicationSupportsIndirectInputEvents = YES;
				INFOPLIST_KEY_UILaunchScreen_Generation = YES;
				INFOPLIST_KEY_UISupportedInterfaceOrientations_iPad = "UIInterfaceOrientationPortrait UIInterfaceOrientationPortraitUpsideDown UIInterfaceOrientationLandscapeLeft UIInterfaceOrientationLandscapeRight";
				INFOPLIST_KEY_UISupportedInterfaceOrientations_iPhone = "UIInterfaceOrientationPortrait UIInterfaceOrientationLandscapeLeft UIInterfaceOrientationLandscapeRight";
				IPHONEOS_DEPLOYMENT_TARGET = 14.0;
				LD_RUNPATH_SEARCH_PATHS = (
					"$(inherited)",
					"@executable_path/Frameworks",
				);
				MARKETING_VERSION = 1.0;
				PRODUCT_BUNDLE_IDENTIFIER = com.deneme.Moonshot;
				PRODUCT_NAME = "$(TARGET_NAME)";
				SWIFT_EMIT_LOC_STRINGS = YES;
				SWIFT_VERSION = 5.0;
				TARGETED_DEVICE_FAMILY = "1,2";
			};
			name = Release;
		};
/* End XCBuildConfiguration section */

/* Begin XCConfigurationList section */
		86102D882794248000928FAA /* Build configuration list for PBXProject "Moonshot" */ = {
			isa = XCConfigurationList;
			buildConfigurations = (
				86102D9E2794248200928FAA /* Debug */,
				86102D9F2794248200928FAA /* Release */,
			);
			defaultConfigurationIsVisible = 0;
			defaultConfigurationName = Release;
		};
		86102DA02794248200928FAA /* Build configuration list for PBXNativeTarget "Moonshot" */ = {
			isa = XCConfigurationList;
			buildConfigurations = (
				86102DA12794248200928FAA /* Debug */,
				86102DA22794248200928FAA /* Release */,
			);
			defaultConfigurationIsVisible = 0;
			defaultConfigurationName = Release;
		};
/* End XCConfigurationList section */

/* Begin XCVersionGroup section */
		86102D9B2794248200928FAA /* Moonshot.xcdatamodeld */ = {
			isa = XCVersionGroup;
			children = (
				86102D9C2794248200928FAA /* Moonshot.xcdatamodel */,
			);
			currentVersion = 86102D9C2794248200928FAA /* Moonshot.xcdatamodel */;
			path = Moonshot.xcdatamodeld;
			sourceTree = "<group>";
			versionGroupType = wrapper.xcdatamodel;
		};
/* End XCVersionGroup section */
	};
	rootObject = 86102D852794248000928FAA /* Project object */;
}
